
Microsoft Visual Studio Solution File, Format Version 12.00
# Visual Studio Version 16
VisualStudioVersion = 16.0.31624.102
MinimumVisualStudioVersion = 10.0.40219.1
Project("{FAE04EC0-301F-11D3-BF4B-00C04F79EFBC}") = "Calculator", "Calculator\Calculator.csproj", "{01FF366F-19B6-4729-8773-84E0BDE5253E}"
EndProject
Global
	GlobalSection(SolutionConfigurationPlatforms) = preSolution
		Debug|Any CPU = Debug|Any CPU
		Release|Any CPU = Release|Any CPU
	EndGlobalSection
	GlobalSection(ProjectConfigurationPlatforms) = postSolution
		{01FF366F-19B6-4729-8773-84E0BDE5253E}.Debug|Any CPU.ActiveCfg = Debug|Any CPU
		{01FF366F-19B6-4729-8773-84E0BDE5253E}.Debug|Any CPU.Build.0 = Debug|Any CPU
		{01FF366F-19B6-4729-8773-84E0BDE5253E}.Release|Any CPU.ActiveCfg = Release|Any CPU
		{01FF366F-19B6-4729-8773-84E0BDE5253E}.Release|Any CPU.Build.0 = Release|Any CPU
	EndGlobalSection
	GlobalSection(SolutionProperties) = preSolution
		HideSolutionNode = FALSE
	EndGlobalSection
	GlobalSection(ExtensibilityGlobals) = postSolution
		SolutionGuid = {44DF4070-FFE5-4A73-AC7A-B710F7E0F94D}
	EndGlobalSection
EndGlobal
